
Microsoft Visual Studio Solution File, Format Version 12.00
# Visual Studio Version 17
VisualStudioVersion = 17.7.34003.232
MinimumVisualStudioVersion = 10.0.40219.1
Project("{FAE04EC0-301F-11D3-BF4B-00C04F79EFBC}") = "ItesDemo.API", "ItesDemo.API\ItesDemo.API.csproj", "{DCE1117C-4ED3-46A6-8F79-09708353AE1E}"
EndProject
Global
	GlobalSection(SolutionConfigurationPlatforms) = preSolution
		Debug|Any CPU = Debug|Any CPU
		Release|Any CPU = Release|Any CPU
	EndGlobalSection
	GlobalSection(ProjectConfigurationPlatforms) = postSolution
		{DCE1117C-4ED3-46A6-8F79-09708353AE1E}.Debug|Any CPU.ActiveCfg = Debug|Any CPU
		{DCE1117C-4ED3-46A6-8F79-09708353AE1E}.Debug|Any CPU.Build.0 = Debug|Any CPU
		{DCE1117C-4ED3-46A6-8F79-09708353AE1E}.Release|Any CPU.ActiveCfg = Release|Any CPU
		{DCE1117C-4ED3-46A6-8F79-09708353AE1E}.Release|Any CPU.Build.0 = Release|Any CPU
	EndGlobalSection
	GlobalSection(SolutionProperties) = preSolution
		HideSolutionNode = FALSE
	EndGlobalSection
	GlobalSection(ExtensibilityGlobals) = postSolution
		SolutionGuid = {723049CE-6D11-4F76-994A-E6F973388BE3}
	EndGlobalSection
EndGlobal
